
Microsoft Visual Studio Solution File, Format Version 12.00
# Visual Studio Version 17
VisualStudioVersion = 17.12.35527.113 d17.12
MinimumVisualStudioVersion = 10.0.40219.1
Project("{FAE04EC0-301F-11D3-BF4B-00C04F79EFBC}") = "NorthwindİleSerilestirme", "NorthwindİleSerilestirme\NorthwindİleSerilestirme.csproj", "{D4E6FE7E-8EF1-468A-9AD0-B1B5083D3C0D}"
EndProject
Project("{FAE04EC0-301F-11D3-BF4B-00C04F79EFBC}") = "DataAccessLayer", "DataAccessLayer\DataAccessLayer.csproj", "{88F11077-4EF4-4E3F-A0F4-F5F9842BD16F}"
EndProject
Global
	GlobalSection(SolutionConfigurationPlatforms) = preSolution
		Debug|Any CPU = Debug|Any CPU
		Release|Any CPU = Release|Any CPU
	EndGlobalSection
	GlobalSection(ProjectConfigurationPlatforms) = postSolution
		{D4E6FE7E-8EF1-468A-9AD0-B1B5083D3C0D}.Debug|Any CPU.ActiveCfg = Debug|Any CPU
		{D4E6FE7E-8EF1-468A-9AD0-B1B5083D3C0D}.Debug|Any CPU.Build.0 = Debug|Any CPU
		{D4E6FE7E-8EF1-468A-9AD0-B1B5083D3C0D}.Release|Any CPU.ActiveCfg = Release|Any CPU
		{D4E6FE7E-8EF1-468A-9AD0-B1B5083D3C0D}.Release|Any CPU.Build.0 = Release|Any CPU
		{88F11077-4EF4-4E3F-A0F4-F5F9842BD16F}.Debug|Any CPU.ActiveCfg = Debug|Any CPU
		{88F11077-4EF4-4E3F-A0F4-F5F9842BD16F}.Debug|Any CPU.Build.0 = Debug|Any CPU
		{88F11077-4EF4-4E3F-A0F4-F5F9842BD16F}.Release|Any CPU.ActiveCfg = Release|Any CPU
		{88F11077-4EF4-4E3F-A0F4-F5F9842BD16F}.Release|Any CPU.Build.0 = Release|Any CPU
	EndGlobalSection
	GlobalSection(SolutionProperties) = preSolution
		HideSolutionNode = FALSE
	EndGlobalSection
EndGlobal
